{
  "nodes": {
    "agenix": {
      "inputs": {
        "darwin": [],
        "home-manager": "home-manager",
        "nixpkgs": [
          "nixpkgs"
        ],
        "systems": "systems"
      },
      "locked": {
        "lastModified": 1750173260,
        "narHash": "sha256-9P1FziAwl5+3edkfFcr5HeGtQUtrSdk/MksX39GieoA=",
        "owner": "ryantm",
        "repo": "agenix",
        "rev": "531beac616433bac6f9e2a19feb8e99a22a66baf",
        "type": "github"
      },
      "original": {
        "owner": "ryantm",
        "repo": "agenix",
        "type": "github"
      }
    },
    "disko": {
      "inputs": {
        "nixpkgs": [
          "nixpkgs"
        ]
      },
      "locked": {
        "lastModified": 1750680230,
        "narHash": "sha256-kD88T/NqmcgfOBFAwphN30ccaUdj6K6+LG0XdM2w2LA=",
        "owner": "nix-community",
        "repo": "disko",
        "rev": "8fd2d6c75009ac75f9a6fb18c33a239806778d01",
        "type": "github"
      },
      "original": {
        "owner": "nix-community",
        "repo": "disko",
        "type": "github"
      }
    },
    "home-manager": {
      "inputs": {
        "nixpkgs": [
          "agenix",
          "nixpkgs"
        ]
      },
      "locked": {
        "lastModified": 1745494811,
        "narHash": "sha256-YZCh2o9Ua1n9uCvrvi5pRxtuVNml8X2a03qIFfRKpFs=",
        "owner": "nix-community",
        "repo": "home-manager",
        "rev": "abfad3d2958c9e6300a883bd443512c55dfeb1be",
        "type": "github"
      },
      "original": {
        "owner": "nix-community",
        "repo": "home-manager",
        "type": "github"
      }
    },
    "home-manager_2": {
      "inputs": {
        "nixpkgs": [
          "nixpkgs"
        ]
      },
      "locked": {
        "lastModified": 1750792728,
        "narHash": "sha256-Lh3dopA8DdY+ZoaAJPrtkZOZaFEJGSYjOdAYYgOPgE4=",
        "owner": "nix-community",
        "repo": "home-manager",
        "rev": "366f00797b1efb70f2882d3da485e3c10fd3d557",
        "type": "github"
      },
      "original": {
        "owner": "nix-community",
        "ref": "release-25.05",
        "repo": "home-manager",
        "type": "github"
      }
    },
    "impermanence": {
      "locked": {
        "lastModified": 1737831083,
        "narHash": "sha256-LJggUHbpyeDvNagTUrdhe/pRVp4pnS6wVKALS782gRI=",
        "owner": "nix-community",
        "repo": "impermanence",
        "rev": "4b3e914cdf97a5b536a889e939fb2fd2b043a170",
        "type": "github"
      },
      "original": {
        "owner": "nix-community",
        "repo": "impermanence",
        "type": "github"
      }
    },
    "nixos-hardware": {
      "locked": {
        "lastModified": 1750431636,
        "narHash": "sha256-vnzzBDbCGvInmfn2ijC4HsIY/3W1CWbwS/YQoFgdgPg=",
        "owner": "NixOS",
        "repo": "nixos-hardware",
        "rev": "1552a9f4513f3f0ceedcf90320e48d3d47165712",
        "type": "github"
      },
      "original": {
        "owner": "NixOS",
        "ref": "master",
        "repo": "nixos-hardware",
        "type": "github"
      }
    },
    "nixpkgs": {
      "locked": {
        "lastModified": 1750622754,
        "narHash": "sha256-kMhs+YzV4vPGfuTpD3mwzibWUE6jotw5Al2wczI0Pv8=",
        "owner": "NixOS",
        "repo": "nixpkgs",
        "rev": "c7ab75210cb8cb16ddd8f290755d9558edde7ee1",
        "type": "github"
      },
      "original": {
        "owner": "NixOS",
        "ref": "nixos-25.05",
        "repo": "nixpkgs",
        "type": "github"
      }
    },
    "root": {
      "inputs": {
        "agenix": "agenix",
        "disko": "disko",
        "home-manager": "home-manager_2",
        "impermanence": "impermanence",
        "nixos-hardware": "nixos-hardware",
        "nixpkgs": "nixpkgs"
      }
    },
    "systems": {
      "locked": {
        "lastModified": 1681028828,
        "narHash": "sha256-Vy1rq5AaRuLzOxct8nz4T6wlgyUR7zLU309k9mBC768=",
        "owner": "nix-systems",
        "repo": "default",
        "rev": "da67096a3b9bf56a91d16901293e51ba5b49a27e",
        "type": "github"
      },
      "original": {
        "owner": "nix-systems",
        "repo": "default",
        "type": "github"
      }
    }
  },
  "root": "root",
  "version": 7
}
